
Microsoft Visual Studio Solution File, Format Version 12.00
# Visual Studio Version 16
VisualStudioVersion = 16.0.31702.278
MinimumVisualStudioVersion = 10.0.40219.1
Project("{FAE04EC0-301F-11D3-BF4B-00C04F79EFBC}") = "HashCheck", "HashCheck.csproj", "{51EA6C41-D809-4B52-8B84-751214F2086F}"
EndProject
Global
	GlobalSection(SolutionConfigurationPlatforms) = preSolution
		Debug|Any CPU = Debug|Any CPU
		Release|Any CPU = Release|Any CPU
	EndGlobalSection
	GlobalSection(ProjectConfigurationPlatforms) = postSolution
		{51EA6C41-D809-4B52-8B84-751214F2086F}.Debug|Any CPU.ActiveCfg = Debug|Any CPU
		{51EA6C41-D809-4B52-8B84-751214F2086F}.Debug|Any CPU.Build.0 = Debug|Any CPU
		{51EA6C41-D809-4B52-8B84-751214F2086F}.Release|Any CPU.ActiveCfg = Release|Any CPU
		{51EA6C41-D809-4B52-8B84-751214F2086F}.Release|Any CPU.Build.0 = Release|Any CPU
	EndGlobalSection
	GlobalSection(SolutionProperties) = preSolution
		HideSolutionNode = FALSE
	EndGlobalSection
	GlobalSection(ExtensibilityGlobals) = postSolution
		SolutionGuid = {E1E2079A-C54E-40B8-B53E-9795E476B078}
	EndGlobalSection
EndGlobal
